
Microsoft Visual Studio Solution File, Format Version 12.00
# Visual Studio Version 16
VisualStudioVersion = 16.0.810.6
MinimumVisualStudioVersion = 10.0.40219.1
Project("{FAE04EC0-301F-11D3-BF4B-00C04F79EFBC}") = "AgileGame", "AgileGame.csproj", "{ADFEE0B1-D9B1-44E3-9C5E-825A6ED8E00C}"
EndProject
Global
	GlobalSection(SolutionConfigurationPlatforms) = preSolution
		Debug|Any CPU = Debug|Any CPU
		Release|Any CPU = Release|Any CPU
	EndGlobalSection
	GlobalSection(ProjectConfigurationPlatforms) = postSolution
		{ADFEE0B1-D9B1-44E3-9C5E-825A6ED8E00C}.Debug|Any CPU.ActiveCfg = Debug|Any CPU
		{ADFEE0B1-D9B1-44E3-9C5E-825A6ED8E00C}.Debug|Any CPU.Build.0 = Debug|Any CPU
		{ADFEE0B1-D9B1-44E3-9C5E-825A6ED8E00C}.Release|Any CPU.ActiveCfg = Release|Any CPU
		{ADFEE0B1-D9B1-44E3-9C5E-825A6ED8E00C}.Release|Any CPU.Build.0 = Release|Any CPU
	EndGlobalSection
	GlobalSection(SolutionProperties) = preSolution
		HideSolutionNode = FALSE
	EndGlobalSection
	GlobalSection(ExtensibilityGlobals) = postSolution
		SolutionGuid = {A3DFF815-AE7B-42D8-9FFE-10F64D148F8C}
	EndGlobalSection
EndGlobal
